
Microsoft Visual Studio Solution File, Format Version 12.00
# Visual Studio Version 17
VisualStudioVersion = 17.2.32526.322
MinimumVisualStudioVersion = 10.0.40219.1
Project("{FAE04EC0-301F-11D3-BF4B-00C04F79EFBC}") = "ByteBank.SistemaAgencia", "..\ByteBank.SistemaAgencia\ByteBank.SistemaAgencia.csproj", "{39735635-FC37-4348-8E0C-D5732134E5AD}"
EndProject
Project("{FAE04EC0-301F-11D3-BF4B-00C04F79EFBC}") = "ByteBank.Modelos", "..\ByteBank.Modelos\ByteBank.Modelos.csproj", "{7B63127E-80BD-402B-A821-32558AA4C0CD}"
EndProject
Global
	GlobalSection(SolutionConfigurationPlatforms) = preSolution
		Debug|Any CPU = Debug|Any CPU
		Release|Any CPU = Release|Any CPU
	EndGlobalSection
	GlobalSection(ProjectConfigurationPlatforms) = postSolution
		{39735635-FC37-4348-8E0C-D5732134E5AD}.Debug|Any CPU.ActiveCfg = Debug|Any CPU
		{39735635-FC37-4348-8E0C-D5732134E5AD}.Debug|Any CPU.Build.0 = Debug|Any CPU
		{39735635-FC37-4348-8E0C-D5732134E5AD}.Release|Any CPU.ActiveCfg = Release|Any CPU
		{39735635-FC37-4348-8E0C-D5732134E5AD}.Release|Any CPU.Build.0 = Release|Any CPU
		{7B63127E-80BD-402B-A821-32558AA4C0CD}.Debug|Any CPU.ActiveCfg = Debug|Any CPU
		{7B63127E-80BD-402B-A821-32558AA4C0CD}.Debug|Any CPU.Build.0 = Debug|Any CPU
		{7B63127E-80BD-402B-A821-32558AA4C0CD}.Release|Any CPU.ActiveCfg = Release|Any CPU
		{7B63127E-80BD-402B-A821-32558AA4C0CD}.Release|Any CPU.Build.0 = Release|Any CPU
	EndGlobalSection
	GlobalSection(SolutionProperties) = preSolution
		HideSolutionNode = FALSE
	EndGlobalSection
	GlobalSection(ExtensibilityGlobals) = postSolution
		SolutionGuid = {05A37BC2-31EB-4E0F-8C77-62F8B028A69D}
	EndGlobalSection
EndGlobal
